{
    "_readme": [
        "This file locks the dependencies of your project to a known state",
        "Read more about it at http://getcomposer.org/doc/01-basic-usage.md#composer-lock-the-lock-file",
        "This file is @generated automatically"
    ],
    "hash": "f23deee6394876ddee02ad0e8c3720f4",
    "packages": [
        {
            "name": "geraintluff/jsv4",
            "version": "dev-master",
            "source": {
                "type": "git",
                "url": "https://github.com/geraintluff/jsv4-php.git",
                "reference": "0010dd68664bf248e1bf32abfae65b1e35300924"
            },
            "dist": {
                "type": "zip",
                "url": "https://api.github.com/repos/geraintluff/jsv4-php/zipball/0010dd68664bf248e1bf32abfae65b1e35300924",
                "reference": "0010dd68664bf248e1bf32abfae65b1e35300924",
                "shasum": ""
            },
            "type": "library",
            "autoload": {
                "classmap": [
                    "jsv4.php",
                    "schema-store.php"
                ]
            },
            "notification-url": "https://packagist.org/downloads/",
            "license": [
                "MIT"
            ],
            "authors": [
                {
                    "name": "Geraint Luff",
                    "email": "luffgd@gmail.com"
                }
            ],
            "description": "A (coercive) JSON Schema v4 Validator for PHP",
            "keywords": [
                "Geraint Luff",
                "JSON Schema",
                "geraintluff",
                "json",
                "schema",
                "v4",
                "validator"
            ],
            "time": "2014-10-07 13:45:29"
        }
    ],
    "packages-dev": [],
    "aliases": [],
    "minimum-stability": "stable",
    "stability-flags": {
        "geraintluff/jsv4": 20
    },
    "prefer-stable": false,
    "platform": [],
    "platform-dev": []
}
